# This file is automatically @generated by Cargo.
# It is not intended for manual editing.
version = 3

[[package]]
name = "bitflags"
version = "1.3.2"
source = "registry+https://github.com/rust-lang/crates.io-index"
checksum = "bef38d45163c2f1dde094a7dfd33ccf595c92905c8f8f4fdc18d06fb1037718a"

[[package]]
name = "kernel"
version = "0.1.0"
dependencies = [
 "bitflags",
 "multiboot2",
]

[[package]]
name = "multiboot2"
version = "0.13.2"
source = "registry+https://github.com/rust-lang/crates.io-index"
checksum = "f72769c72713ab539cb3b8e5079665f7eb06e3dae635cdd32410cce26d58e66d"
dependencies = [
 "bitflags",
]
